{
    "_meta": {
        "hash": {
            "sha256": "b454f71cf6cb72bd95fee134e965cedc1d8817a6596c5bf2d198cc1b3b04e564"
        },
        "pipfile-spec": 6,
        "requires": {
            "python_version": "3.6"
        },
        "sources": [
            {
                "name": "pypi",
                "url": "https://pypi.org/simple",
                "verify_ssl": true
            }
        ]
    },
    "default": {
        "apiclient": {
            "hashes": [
                "sha256:49d1b5a6eb36281461a931243c142ea57cffcfd125ae399bf59421cccf6836c4",
                "sha256:e97b1bb13646df12284a8915c99728f380fb9a3edbeb2c20927cf47afd73d0ac"
            ],
            "index": "pypi",
            "version": "==1.0.3"
        },
        "cachetools": {
            "hashes": [
                "sha256:0a258d82933a1dd18cb540aca4ac5d5690731e24d1239a08577b814998f49785",
                "sha256:4621965b0d9d4c82a79a29edbad19946f5e7702df4afae7d1ed2df951559a8cc"
            ],
            "version": "==3.0.0"
        },
        "datefinder": {
            "hashes": [
                "sha256:4485941f44b8e1674649a59ae94f7964d790795a581b69b733a3a134b4822595"
            ],
            "index": "pypi",
            "version": "==0.7.0"
        },
        "django": {
            "hashes": [
                "sha256:068d51054083d06ceb32ce02b7203f1854256047a0d58682677dd4f81bceabd7",
                "sha256:55409a056b27e6d1246f19ede41c6c610e4cab549c005b62cbeefabc6433356b"
            ],
            "index": "pypi",
            "version": "==2.1.4"
        },
        "django-filter": {
            "hashes": [
                "sha256:6f4e4bc1a11151178520567b50320e5c32f8edb552139d93ea3e30613b886f56",
                "sha256:86c3925020c27d072cdae7b828aaa5d165c2032a629abbe3c3a1be1edae61c58"
            ],
            "index": "pypi",
            "version": "==2.0.0"
        },
        "djangorestframework": {
            "hashes": [
                "sha256:607865b0bb1598b153793892101d881466bd5a991de12bd6229abb18b1c86136",
                "sha256:63f76cbe1e7d12b94c357d7e54401103b2e52aef0f7c1650d6c820ad708776e5"
            ],
            "index": "pypi",
            "version": "==3.9.0"
        },
        "google-api-python-client": {
            "hashes": [
                "sha256:301e498ae5152250b7f3c2dc091ee383c2852ef90aeab12bb29767ef9981627c",
                "sha256:9106e7d09d80f59a9472a91edd85c2d6ad420aef28c9440ce1691b4a19ba9ada"
            ],
            "index": "pypi",
            "version": "==1.7.7"
        },
        "google-auth": {
            "hashes": [
                "sha256:b6081ba9946828d6417c15ecdc723fdb7c007cdd74e140747d3876a7440f0be5",
                "sha256:e8d64e9bc8cb6f0fc5360c693f86dc9ee6964081ee702e3b5ddc937f99efc950"
            ],
            "version": "==1.6.2"
        },
        "google-auth-httplib2": {
            "hashes": [
                "sha256:098fade613c25b4527b2c08fa42d11f3c2037dda8995d86de0745228e965d445",
                "sha256:f1c437842155680cf9918df9bc51c1182fda41feef88c34004bd1978c8157e08"
            ],
            "version": "==0.0.3"
        },
        "httplib2": {
            "hashes": [
                "sha256:f61fb838a94ce3b349aa32c92fd8430f7e3511afdb18bf9640d647e30c90a6d6"
            ],
            "version": "==0.12.0"
        },
        "markdown": {
            "hashes": [
                "sha256:c00429bd503a47ec88d5e30a751e147dcb4c6889663cd3e2ba0afe858e009baa",
                "sha256:d02e0f9b04c500cde6637c11ad7c72671f359b87b9fe924b2383649d8841db7c"
            ],
            "index": "pypi",
            "version": "==3.0.1"
        },
        "oauth2client": {
            "hashes": [
                "sha256:b8a81cc5d60e2d364f0b1b98f958dbd472887acaf1a5b05e21c28c31a2d6d3ac",
                "sha256:d486741e451287f69568a4d26d70d9acd73a2bbfa275746c535b4209891cccc6"
            ],
            "index": "pypi",
            "version": "==4.1.3"
        },
        "pyasn1": {
            "hashes": [
                "sha256:b9d3abc5031e61927c82d4d96c1cec1e55676c1a991623cfed28faea73cdd7ca",
                "sha256:f58f2a3d12fd754aa123e9fa74fb7345333000a035f3921dbdaa08597aa53137"
            ],
            "version": "==0.4.4"
        },
        "pyasn1-modules": {
            "hashes": [
                "sha256:a0cf3e1842e7c60fde97cb22d275eb6f9524f5c5250489e292529de841417547",
                "sha256:a38a8811ea784c0136abfdba73963876328f66172db21a05a82f9515909bfb4e"
            ],
            "version": "==0.2.2"
        },
        "pymysql": {
            "hashes": [
                "sha256:3943fbbbc1e902f41daf7f9165519f140c4451c179380677e6a848587042561a",
                "sha256:d8c059dcd81dedb85a9f034d5e22dcb4442c0b201908bede99e306d65ea7c8e7"
            ],
            "index": "pypi",
            "version": "==0.9.3"
        },
        "python-dateutil": {
            "hashes": [
                "sha256:063df5763652e21de43de7d9e00ccf239f953a832941e37be541614732cdfc93",
                "sha256:88f9287c0174266bb0d8cedd395cfba9c58e87e5ad86b2ce58859bc11be3cf02"
            ],
            "version": "==2.7.5"
        },
        "pytz": {
            "hashes": [
                "sha256:31cb35c89bd7d333cd32c5f278fca91b523b0834369e757f4c5641ea252236ca",
                "sha256:8e0f8568c118d3077b46be7d654cc8167fa916092e28320cde048e54bfc9f1e6"
            ],
            "version": "==2018.7"
        },
        "regex": {
            "hashes": [
                "sha256:15b4a185ae9782133f398f8ab7c29612a6e5f34ea9411e4cd36e91e78c347ebe",
                "sha256:3852b76f0b6d7bd98d328d548716c151b79017f2b81347360f26e5db10fb6503",
                "sha256:79a6a60ed1ee3b12eb0e828c01d75e3b743af6616d69add6c2fde1d425a4ba3f",
                "sha256:a2938c290b3be2c7cadafa21de3051f2ed23bfaf88728a1fe5dc552cbfdb0326",
                "sha256:aff7414712c9e6d260609da9c9af3aacebfbc307a4abe3376c7736e2a6c8563f",
                "sha256:d03782f0b0fa34f8f1dbdc94e27cf193b83c6105307a8c10563938c6d85180d9",
                "sha256:db79ac3d81e655dc12d38a865dd6d1b569a28fab4c53749051cd599a6eb7614f",
                "sha256:e803b3646c3f9c47f1f3dc870173c5d79c0fd2fd8e40bf917b97c7b56701baff",
                "sha256:e9660ccca360b6bd79606aab3672562ebb14bce6af6c501107364668543f4bef"
            ],
            "version": "==2018.11.22"
        },
        "rsa": {
            "hashes": [
                "sha256:14ba45700ff1ec9eeb206a2ce76b32814958a98e372006c8fb76ba820211be66",
                "sha256:1a836406405730121ae9823e19c6e806c62bbad73f890574fff50efa4122c487"
            ],
            "version": "==4.0"
        },
        "six": {
            "hashes": [
                "sha256:3350809f0555b11f552448330d0b52d5f24c91a322ea4a15ef22629740f3761c",
                "sha256:d16a0141ec1a18405cd4ce8b4613101da75da0e9a7aec5bdd4fa804d0e0eba73"
            ],
            "markers": "python_version != '3.0.*' and python_version != '3.1.*' and python_version >= '2.6'",
            "version": "==1.12.0"
        },
        "uritemplate": {
            "hashes": [
                "sha256:01c69f4fe8ed503b2951bef85d996a9d22434d2431584b5b107b2981ff416fbd",
                "sha256:1b9c467a940ce9fb9f50df819e8ddd14696f89b9a8cc87ac77952ba416e0a8fd",
                "sha256:c02643cebe23fc8adb5e6becffe201185bf06c40bda5c0b4028a93f1527d011d"
            ],
            "version": "==3.0.0"
        },
        "urllib3": {
            "hashes": [
                "sha256:61bf29cada3fc2fbefad4fdf059ea4bd1b4a86d2b6d15e1c7c0b582b9752fe39",
                "sha256:de9529817c93f27c8ccbfead6985011db27bd0ddfcdb2d86f3f663385c6a9c22"
            ],
            "markers": "python_version != '3.0.*' and python_version != '3.1.*' and python_version != '3.2.*' and python_version >= '2.7' and python_version < '4' and python_version != '3.3.*'",
            "version": "==1.24.1"
        }
    },
    "develop": {}
}
